
Microsoft Visual Studio Solution File, Format Version 12.00
# Visual Studio Version 17
VisualStudioVersion = 17.3.32929.385
MinimumVisualStudioVersion = 10.0.40219.1
Project("{9A19103F-16F7-4668-BE54-9A1E7A4F7556}") = "NotificationReceiverLibrary", "NotificationReceiverLibrary\NotificationReceiverLibrary.csproj", "{72B22FF6-79A7-4B2E-B8E8-73E2A99759BA}"
EndProject
Project("{FAE04EC0-301F-11D3-BF4B-00C04F79EFBC}") = "SenderIntegration", "SenderIntegration\SenderIntegration.csproj", "{3754C50B-4D33-43AF-8733-B4DB7CADAEF2}"
EndProject
Global
	GlobalSection(SolutionConfigurationPlatforms) = preSolution
		Debug|Any CPU = Debug|Any CPU
		Release|Any CPU = Release|Any CPU
	EndGlobalSection
	GlobalSection(ProjectConfigurationPlatforms) = postSolution
		{72B22FF6-79A7-4B2E-B8E8-73E2A99759BA}.Debug|Any CPU.ActiveCfg = Debug|Any CPU
		{72B22FF6-79A7-4B2E-B8E8-73E2A99759BA}.Debug|Any CPU.Build.0 = Debug|Any CPU
		{72B22FF6-79A7-4B2E-B8E8-73E2A99759BA}.Release|Any CPU.ActiveCfg = Release|Any CPU
		{72B22FF6-79A7-4B2E-B8E8-73E2A99759BA}.Release|Any CPU.Build.0 = Release|Any CPU
		{3754C50B-4D33-43AF-8733-B4DB7CADAEF2}.Debug|Any CPU.ActiveCfg = Debug|Any CPU
		{3754C50B-4D33-43AF-8733-B4DB7CADAEF2}.Debug|Any CPU.Build.0 = Debug|Any CPU
		{3754C50B-4D33-43AF-8733-B4DB7CADAEF2}.Release|Any CPU.ActiveCfg = Release|Any CPU
		{3754C50B-4D33-43AF-8733-B4DB7CADAEF2}.Release|Any CPU.Build.0 = Release|Any CPU
	EndGlobalSection
	GlobalSection(SolutionProperties) = preSolution
		HideSolutionNode = FALSE
	EndGlobalSection
	GlobalSection(ExtensibilityGlobals) = postSolution
		SolutionGuid = {D5D55A36-BEDA-4716-B166-548D8598967F}
	EndGlobalSection
EndGlobal
