
Microsoft Visual Studio Solution File, Format Version 12.00
# Visual Studio Version 17
VisualStudioVersion = 17.3.32929.385
MinimumVisualStudioVersion = 10.0.40219.1
Project("{9A19103F-16F7-4668-BE54-9A1E7A4F7556}") = "MockUpMyUR", "MockUpMyUR\MockUpMyUR.csproj", "{F3495A32-60FA-47CF-82E7-1C031790B563}"
EndProject
Project("{9A19103F-16F7-4668-BE54-9A1E7A4F7556}") = "SenderIntegration", "..\NotificationReceiverLibrary\SenderIntegration\SenderIntegration.csproj", "{120530E1-BC52-4D4E-997B-3477964AB544}"
EndProject
Project("{9A19103F-16F7-4668-BE54-9A1E7A4F7556}") = "URModels", "..\URModels\URModels\URModels.csproj", "{A3A60AFC-181D-4EBA-93B7-67F7587EBA10}"
EndProject
Global
	GlobalSection(SolutionConfigurationPlatforms) = preSolution
		Debug|Any CPU = Debug|Any CPU
		Release|Any CPU = Release|Any CPU
	EndGlobalSection
	GlobalSection(ProjectConfigurationPlatforms) = postSolution
		{F3495A32-60FA-47CF-82E7-1C031790B563}.Debug|Any CPU.ActiveCfg = Debug|Any CPU
		{F3495A32-60FA-47CF-82E7-1C031790B563}.Debug|Any CPU.Build.0 = Debug|Any CPU
		{F3495A32-60FA-47CF-82E7-1C031790B563}.Release|Any CPU.ActiveCfg = Release|Any CPU
		{F3495A32-60FA-47CF-82E7-1C031790B563}.Release|Any CPU.Build.0 = Release|Any CPU
		{120530E1-BC52-4D4E-997B-3477964AB544}.Debug|Any CPU.ActiveCfg = Debug|Any CPU
		{120530E1-BC52-4D4E-997B-3477964AB544}.Debug|Any CPU.Build.0 = Debug|Any CPU
		{120530E1-BC52-4D4E-997B-3477964AB544}.Release|Any CPU.ActiveCfg = Release|Any CPU
		{120530E1-BC52-4D4E-997B-3477964AB544}.Release|Any CPU.Build.0 = Release|Any CPU
		{A3A60AFC-181D-4EBA-93B7-67F7587EBA10}.Debug|Any CPU.ActiveCfg = Debug|Any CPU
		{A3A60AFC-181D-4EBA-93B7-67F7587EBA10}.Debug|Any CPU.Build.0 = Debug|Any CPU
		{A3A60AFC-181D-4EBA-93B7-67F7587EBA10}.Release|Any CPU.ActiveCfg = Release|Any CPU
		{A3A60AFC-181D-4EBA-93B7-67F7587EBA10}.Release|Any CPU.Build.0 = Release|Any CPU
	EndGlobalSection
	GlobalSection(SolutionProperties) = preSolution
		HideSolutionNode = FALSE
	EndGlobalSection
	GlobalSection(ExtensibilityGlobals) = postSolution
		SolutionGuid = {23A92350-090C-496C-ACAC-FB4B74636CD6}
	EndGlobalSection
EndGlobal
