
Microsoft Visual Studio Solution File, Format Version 12.00
# Visual Studio Version 17
VisualStudioVersion = 17.3.32929.385
MinimumVisualStudioVersion = 10.0.40219.1
Project("{9A19103F-16F7-4668-BE54-9A1E7A4F7556}") = "NotficationSystem", "NotficationSystem\NotficationSystem.csproj", "{48077DA4-6FD2-41CA-B444-47B394875BA2}"
EndProject
Project("{9A19103F-16F7-4668-BE54-9A1E7A4F7556}") = "NotificationReceiverLibrary", "..\NotificationReceiverLibrary\NotificationReceiverLibrary\NotificationReceiverLibrary.csproj", "{DAFFA569-A863-4A16-B319-03DB6B84E5DB}"
EndProject
Global
	GlobalSection(SolutionConfigurationPlatforms) = preSolution
		Debug|Any CPU = Debug|Any CPU
		Release|Any CPU = Release|Any CPU
	EndGlobalSection
	GlobalSection(ProjectConfigurationPlatforms) = postSolution
		{48077DA4-6FD2-41CA-B444-47B394875BA2}.Debug|Any CPU.ActiveCfg = Debug|Any CPU
		{48077DA4-6FD2-41CA-B444-47B394875BA2}.Debug|Any CPU.Build.0 = Debug|Any CPU
		{48077DA4-6FD2-41CA-B444-47B394875BA2}.Release|Any CPU.ActiveCfg = Release|Any CPU
		{48077DA4-6FD2-41CA-B444-47B394875BA2}.Release|Any CPU.Build.0 = Release|Any CPU
		{DAFFA569-A863-4A16-B319-03DB6B84E5DB}.Debug|Any CPU.ActiveCfg = Debug|Any CPU
		{DAFFA569-A863-4A16-B319-03DB6B84E5DB}.Debug|Any CPU.Build.0 = Debug|Any CPU
		{DAFFA569-A863-4A16-B319-03DB6B84E5DB}.Release|Any CPU.ActiveCfg = Release|Any CPU
		{DAFFA569-A863-4A16-B319-03DB6B84E5DB}.Release|Any CPU.Build.0 = Release|Any CPU
	EndGlobalSection
	GlobalSection(SolutionProperties) = preSolution
		HideSolutionNode = FALSE
	EndGlobalSection
	GlobalSection(ExtensibilityGlobals) = postSolution
		SolutionGuid = {5A418919-9008-43B9-91DA-5D2177BC1C72}
	EndGlobalSection
EndGlobal
